
Microsoft Visual Studio Solution File, Format Version 12.00
# Visual Studio Version 17
VisualStudioVersion = 17.4.33213.308
MinimumVisualStudioVersion = 10.0.40219.1
Project("{FAE04EC0-301F-11D3-BF4B-00C04F79EFBC}") = "aspnet-background-service-demo", "aspnet-background-service-demo\aspnet-background-service-demo.csproj", "{A45FD637-3C2B-4237-8458-E328684363F0}"
EndProject
Global
	GlobalSection(SolutionConfigurationPlatforms) = preSolution
		Debug|Any CPU = Debug|Any CPU
		Release|Any CPU = Release|Any CPU
	EndGlobalSection
	GlobalSection(ProjectConfigurationPlatforms) = postSolution
		{A45FD637-3C2B-4237-8458-E328684363F0}.Debug|Any CPU.ActiveCfg = Debug|Any CPU
		{A45FD637-3C2B-4237-8458-E328684363F0}.Debug|Any CPU.Build.0 = Debug|Any CPU
		{A45FD637-3C2B-4237-8458-E328684363F0}.Release|Any CPU.ActiveCfg = Release|Any CPU
		{A45FD637-3C2B-4237-8458-E328684363F0}.Release|Any CPU.Build.0 = Release|Any CPU
	EndGlobalSection
	GlobalSection(SolutionProperties) = preSolution
		HideSolutionNode = FALSE
	EndGlobalSection
	GlobalSection(ExtensibilityGlobals) = postSolution
		SolutionGuid = {0584C6B6-66ED-426F-AD6B-27164E8727A5}
	EndGlobalSection
EndGlobal
